
Microsoft Visual Studio Solution File, Format Version 12.00
# Visual Studio Version 16
VisualStudioVersion = 16.6.30114.105
MinimumVisualStudioVersion = 10.0.40219.1
Project("{FAE04EC0-301F-11D3-BF4B-00C04F79EFBC}") = "API", "API\API.csproj", "{F5DE03AA-0F04-4013-A809-B424446C3B9A}"
EndProject
Project("{FAE04EC0-301F-11D3-BF4B-00C04F79EFBC}") = "Application", "Application\Application.csproj", "{5EB1E28D-E9E4-48A6-94D6-B7E546AF5047}"
EndProject
Project("{FAE04EC0-301F-11D3-BF4B-00C04F79EFBC}") = "Persistence", "Persistence\Persistence.csproj", "{26508C27-9610-4545-B9FB-FC663269777C}"
EndProject
Project("{FAE04EC0-301F-11D3-BF4B-00C04F79EFBC}") = "Domain", "Domain\Domain.csproj", "{4C64F128-4328-43D2-8757-46C1C17DC471}"
EndProject
Global
	GlobalSection(SolutionConfigurationPlatforms) = preSolution
		Debug|Any CPU = Debug|Any CPU
		Debug|x64 = Debug|x64
		Debug|x86 = Debug|x86
		Release|Any CPU = Release|Any CPU
		Release|x64 = Release|x64
		Release|x86 = Release|x86
	EndGlobalSection
	GlobalSection(SolutionProperties) = preSolution
		HideSolutionNode = FALSE
	EndGlobalSection
	GlobalSection(ProjectConfigurationPlatforms) = postSolution
		{F5DE03AA-0F04-4013-A809-B424446C3B9A}.Debug|Any CPU.ActiveCfg = Debug|Any CPU
		{F5DE03AA-0F04-4013-A809-B424446C3B9A}.Debug|Any CPU.Build.0 = Debug|Any CPU
		{F5DE03AA-0F04-4013-A809-B424446C3B9A}.Debug|x64.ActiveCfg = Debug|Any CPU
		{F5DE03AA-0F04-4013-A809-B424446C3B9A}.Debug|x64.Build.0 = Debug|Any CPU
		{F5DE03AA-0F04-4013-A809-B424446C3B9A}.Debug|x86.ActiveCfg = Debug|Any CPU
		{F5DE03AA-0F04-4013-A809-B424446C3B9A}.Debug|x86.Build.0 = Debug|Any CPU
		{F5DE03AA-0F04-4013-A809-B424446C3B9A}.Release|Any CPU.ActiveCfg = Release|Any CPU
		{F5DE03AA-0F04-4013-A809-B424446C3B9A}.Release|Any CPU.Build.0 = Release|Any CPU
		{F5DE03AA-0F04-4013-A809-B424446C3B9A}.Release|x64.ActiveCfg = Release|Any CPU
		{F5DE03AA-0F04-4013-A809-B424446C3B9A}.Release|x64.Build.0 = Release|Any CPU
		{F5DE03AA-0F04-4013-A809-B424446C3B9A}.Release|x86.ActiveCfg = Release|Any CPU
		{F5DE03AA-0F04-4013-A809-B424446C3B9A}.Release|x86.Build.0 = Release|Any CPU
		{5EB1E28D-E9E4-48A6-94D6-B7E546AF5047}.Debug|Any CPU.ActiveCfg = Debug|Any CPU
		{5EB1E28D-E9E4-48A6-94D6-B7E546AF5047}.Debug|Any CPU.Build.0 = Debug|Any CPU
		{5EB1E28D-E9E4-48A6-94D6-B7E546AF5047}.Debug|x64.ActiveCfg = Debug|Any CPU
		{5EB1E28D-E9E4-48A6-94D6-B7E546AF5047}.Debug|x64.Build.0 = Debug|Any CPU
		{5EB1E28D-E9E4-48A6-94D6-B7E546AF5047}.Debug|x86.ActiveCfg = Debug|Any CPU
		{5EB1E28D-E9E4-48A6-94D6-B7E546AF5047}.Debug|x86.Build.0 = Debug|Any CPU
		{5EB1E28D-E9E4-48A6-94D6-B7E546AF5047}.Release|Any CPU.ActiveCfg = Release|Any CPU
		{5EB1E28D-E9E4-48A6-94D6-B7E546AF5047}.Release|Any CPU.Build.0 = Release|Any CPU
		{5EB1E28D-E9E4-48A6-94D6-B7E546AF5047}.Release|x64.ActiveCfg = Release|Any CPU
		{5EB1E28D-E9E4-48A6-94D6-B7E546AF5047}.Release|x64.Build.0 = Release|Any CPU
		{5EB1E28D-E9E4-48A6-94D6-B7E546AF5047}.Release|x86.ActiveCfg = Release|Any CPU
		{5EB1E28D-E9E4-48A6-94D6-B7E546AF5047}.Release|x86.Build.0 = Release|Any CPU
		{26508C27-9610-4545-B9FB-FC663269777C}.Debug|Any CPU.ActiveCfg = Debug|Any CPU
		{26508C27-9610-4545-B9FB-FC663269777C}.Debug|Any CPU.Build.0 = Debug|Any CPU
		{26508C27-9610-4545-B9FB-FC663269777C}.Debug|x64.ActiveCfg = Debug|Any CPU
		{26508C27-9610-4545-B9FB-FC663269777C}.Debug|x64.Build.0 = Debug|Any CPU
		{26508C27-9610-4545-B9FB-FC663269777C}.Debug|x86.ActiveCfg = Debug|Any CPU
		{26508C27-9610-4545-B9FB-FC663269777C}.Debug|x86.Build.0 = Debug|Any CPU
		{26508C27-9610-4545-B9FB-FC663269777C}.Release|Any CPU.ActiveCfg = Release|Any CPU
		{26508C27-9610-4545-B9FB-FC663269777C}.Release|Any CPU.Build.0 = Release|Any CPU
		{26508C27-9610-4545-B9FB-FC663269777C}.Release|x64.ActiveCfg = Release|Any CPU
		{26508C27-9610-4545-B9FB-FC663269777C}.Release|x64.Build.0 = Release|Any CPU
		{26508C27-9610-4545-B9FB-FC663269777C}.Release|x86.ActiveCfg = Release|Any CPU
		{26508C27-9610-4545-B9FB-FC663269777C}.Release|x86.Build.0 = Release|Any CPU
		{4C64F128-4328-43D2-8757-46C1C17DC471}.Debug|Any CPU.ActiveCfg = Debug|Any CPU
		{4C64F128-4328-43D2-8757-46C1C17DC471}.Debug|Any CPU.Build.0 = Debug|Any CPU
		{4C64F128-4328-43D2-8757-46C1C17DC471}.Debug|x64.ActiveCfg = Debug|Any CPU
		{4C64F128-4328-43D2-8757-46C1C17DC471}.Debug|x64.Build.0 = Debug|Any CPU
		{4C64F128-4328-43D2-8757-46C1C17DC471}.Debug|x86.ActiveCfg = Debug|Any CPU
		{4C64F128-4328-43D2-8757-46C1C17DC471}.Debug|x86.Build.0 = Debug|Any CPU
		{4C64F128-4328-43D2-8757-46C1C17DC471}.Release|Any CPU.ActiveCfg = Release|Any CPU
		{4C64F128-4328-43D2-8757-46C1C17DC471}.Release|Any CPU.Build.0 = Release|Any CPU
		{4C64F128-4328-43D2-8757-46C1C17DC471}.Release|x64.ActiveCfg = Release|Any CPU
		{4C64F128-4328-43D2-8757-46C1C17DC471}.Release|x64.Build.0 = Release|Any CPU
		{4C64F128-4328-43D2-8757-46C1C17DC471}.Release|x86.ActiveCfg = Release|Any CPU
		{4C64F128-4328-43D2-8757-46C1C17DC471}.Release|x86.Build.0 = Release|Any CPU
	EndGlobalSection
EndGlobal
